// !$*UTF8*$!
{
	archiveVersion = 1;
	classes = {
	};
	objectVersion = 50;
	objects = {

/* Begin PBXBuildFile section */
		7A0629E8214C51E6009EA4B3 /* GlobalSettings.swift in Sources */ = {isa = PBXBuildFile; fileRef = 7A0629E7214C51E6009EA4B3 /* GlobalSettings.swift */; };
		7A11F3C4214ED08A005184F7 /* PriceJSON.swift in Sources */ = {isa = PBXBuildFile; fileRef = 7A11F3C3214ED08A005184F7 /* PriceJSON.swift */; };
		7A11F3C6214ED380005184F7 /* CurrencyJSON.swift in Sources */ = {isa = PBXBuildFile; fileRef = 7A11F3C5214ED380005184F7 /* CurrencyJSON.swift */; };
		7A11F3C8214ED45D005184F7 /* ParameterJSON.swift in Sources */ = {isa = PBXBuildFile; fileRef = 7A11F3C7214ED45D005184F7 /* ParameterJSON.swift */; };
		7A11F3CA214ED4A0005184F7 /* HitJSON.swift in Sources */ = {isa = PBXBuildFile; fileRef = 7A11F3C9214ED4A0005184F7 /* HitJSON.swift */; };
		7A11F3CC214ED4B6005184F7 /* ProductPictureJSON.swift in Sources */ = {isa = PBXBuildFile; fileRef = 7A11F3CB214ED4B6005184F7 /* ProductPictureJSON.swift */; };
		7A131F68214BFFDF0082FAAB /* CategoryJSON.swift in Sources */ = {isa = PBXBuildFile; fileRef = 7A131F67214BFFDF0082FAAB /* CategoryJSON.swift */; };
		7A131F6A214C01DE0082FAAB /* ProductParameterJSON.swift in Sources */ = {isa = PBXBuildFile; fileRef = 7A131F69214C01DE0082FAAB /* ProductParameterJSON.swift */; };
		7A131F6E214C029A0082FAAB /* MoyaPryazha.xcdatamodeld in Sources */ = {isa = PBXBuildFile; fileRef = 7A131F6C214C029A0082FAAB /* MoyaPryazha.xcdatamodeld */; };
		7A18B6B72144FCEF00ED55A7 /* ProductListTableViewCell.swift in Sources */ = {isa = PBXBuildFile; fileRef = 7A18B6B62144FCEF00ED55A7 /* ProductListTableViewCell.swift */; };
		7A18B6B92144FF0C00ED55A7 /* ProductJSON.swift in Sources */ = {isa = PBXBuildFile; fileRef = 7A18B6B82144FF0C00ED55A7 /* ProductJSON.swift */; };
		7A18B6BB2145015A00ED55A7 /* DataProvider.swift in Sources */ = {isa = PBXBuildFile; fileRef = 7A18B6BA2145015A00ED55A7 /* DataProvider.swift */; };
		7A1B03A02143D4DC009ED34C /* ProductListViewController.swift in Sources */ = {isa = PBXBuildFile; fileRef = 7A1B039F2143D4DC009ED34C /* ProductListViewController.swift */; };
		7A720C93214D97240031EA86 /* LoadViewController.swift in Sources */ = {isa = PBXBuildFile; fileRef = 7A720C92214D97240031EA86 /* LoadViewController.swift */; };
		7A720C95214E29370031EA86 /* ReturnResult.swift in Sources */ = {isa = PBXBuildFile; fileRef = 7A720C94214E29370031EA86 /* ReturnResult.swift */; };
		7AAC05B42145231F004AB93D /* HitProducts.swift in Sources */ = {isa = PBXBuildFile; fileRef = 7AAC05B32145231F004AB93D /* HitProducts.swift */; };
		7ABD11DB2183700B0079D265 /* CustomPointAnnotation.swift in Sources */ = {isa = PBXBuildFile; fileRef = 7ABD11DA2183700B0079D265 /* CustomPointAnnotation.swift */; };
		7AC2F4532150CFD700E8DC34 /* CategoryViewController.swift in Sources */ = {isa = PBXBuildFile; fileRef = 7AC2F4522150CFD700E8DC34 /* CategoryViewController.swift */; };
		7AC2F4552150E3AD00E8DC34 /* CategoryTableViewCell.swift in Sources */ = {isa = PBXBuildFile; fileRef = 7AC2F4542150E3AD00E8DC34 /* CategoryTableViewCell.swift */; };
		7AC45A35214C239700A9046E /* CoreDataStack.swift in Sources */ = {isa = PBXBuildFile; fileRef = 7AC45A34214C239700A9046E /* CoreDataStack.swift */; };
		7ACE72A22181038200EDC2B4 /* AbutUsTableViewController.swift in Sources */ = {isa = PBXBuildFile; fileRef = 7ACE72A12181038200EDC2B4 /* AbutUsTableViewController.swift */; };
		7ACE72A521821A4C00EDC2B4 /* Assets.xcassets in Resources */ = {isa = PBXBuildFile; fileRef = 7ACE72A421821A4C00EDC2B4 /* Assets.xcassets */; };
		7AD9330521451C1B00068926 /* AaarghRegular.ttf in Resources */ = {isa = PBXBuildFile; fileRef = 7AD9330221451A6E00068926 /* AaarghRegular.ttf */; };
		7AD9330621451C1B00068926 /* AaarghBold.ttf in Resources */ = {isa = PBXBuildFile; fileRef = 7AD9330321451A6E00068926 /* AaarghBold.ttf */; };
		7ADFD92F21370C6C00E19918 /* AppDelegate.swift in Sources */ = {isa = PBXBuildFile; fileRef = 7ADFD92E21370C6C00E19918 /* AppDelegate.swift */; };
		7ADFD93421370C6C00E19918 /* Main.storyboard in Resources */ = {isa = PBXBuildFile; fileRef = 7ADFD93221370C6C00E19918 /* Main.storyboard */; };
		7ADFD93921370C6E00E19918 /* LaunchScreen.storyboard in Resources */ = {isa = PBXBuildFile; fileRef = 7ADFD93721370C6E00E19918 /* LaunchScreen.storyboard */; };
		7ADFD9452137126B00E19918 /* Tovar.swift in Sources */ = {isa = PBXBuildFile; fileRef = 7ADFD9442137126B00E19918 /* Tovar.swift */; };
		7AE699EA21457A03000DC949 /* LastModified.swift in Sources */ = {isa = PBXBuildFile; fileRef = 7AE699E921457A03000DC949 /* LastModified.swift */; };
		7AE9391B2157930D003C07BF /* ProductDetailViewController.swift in Sources */ = {isa = PBXBuildFile; fileRef = 7AE9391A2157930D003C07BF /* ProductDetailViewController.swift */; };
		7AE9391D215793E4003C07BF /* ProductImageCollectionViewCell.swift in Sources */ = {isa = PBXBuildFile; fileRef = 7AE9391C215793E4003C07BF /* ProductImageCollectionViewCell.swift */; };
		7AE9391F2157AEEB003C07BF /* ProductDetailTableViewCell.swift in Sources */ = {isa = PBXBuildFile; fileRef = 7AE9391E2157AEEB003C07BF /* ProductDetailTableViewCell.swift */; };
		7AE939212157E101003C07BF /* ProductImageViewController.swift in Sources */ = {isa = PBXBuildFile; fileRef = 7AE939202157E101003C07BF /* ProductImageViewController.swift */; };
/* End PBXBuildFile section */

/* Begin PBXFileReference section */
		7A0629E7214C51E6009EA4B3 /* GlobalSettings.swift */ = {isa = PBXFileReference; lastKnownFileType = sourcecode.swift; path = GlobalSettings.swift; sourceTree = "<group>"; };
		7A11F3C3214ED08A005184F7 /* PriceJSON.swift */ = {isa = PBXFileReference; lastKnownFileType = sourcecode.swift; path = PriceJSON.swift; sourceTree = "<group>"; };
		7A11F3C5214ED380005184F7 /* CurrencyJSON.swift */ = {isa = PBXFileReference; lastKnownFileType = sourcecode.swift; path = CurrencyJSON.swift; sourceTree = "<group>"; };
		7A11F3C7214ED45D005184F7 /* ParameterJSON.swift */ = {isa = PBXFileReference; lastKnownFileType = sourcecode.swift; path = ParameterJSON.swift; sourceTree = "<group>"; };
		7A11F3C9214ED4A0005184F7 /* HitJSON.swift */ = {isa = PBXFileReference; lastKnownFileType = sourcecode.swift; path = HitJSON.swift; sourceTree = "<group>"; };
		7A11F3CB214ED4B6005184F7 /* ProductPictureJSON.swift */ = {isa = PBXFileReference; lastKnownFileType = sourcecode.swift; path = ProductPictureJSON.swift; sourceTree = "<group>"; };
		7A131F67214BFFDF0082FAAB /* CategoryJSON.swift */ = {isa = PBXFileReference; lastKnownFileType = sourcecode.swift; path = CategoryJSON.swift; sourceTree = "<group>"; };
		7A131F69214C01DE0082FAAB /* ProductParameterJSON.swift */ = {isa = PBXFileReference; lastKnownFileType = sourcecode.swift; path = ProductParameterJSON.swift; sourceTree = "<group>"; };
		7A131F6D214C029A0082FAAB /* MoyaPryazha.xcdatamodel */ = {isa = PBXFileReference; lastKnownFileType = wrapper.xcdatamodel; path = MoyaPryazha.xcdatamodel; sourceTree = "<group>"; };
		7A18B6B62144FCEF00ED55A7 /* ProductListTableViewCell.swift */ = {isa = PBXFileReference; lastKnownFileType = sourcecode.swift; path = ProductListTableViewCell.swift; sourceTree = "<group>"; };
		7A18B6B82144FF0C00ED55A7 /* ProductJSON.swift */ = {isa = PBXFileReference; lastKnownFileType = sourcecode.swift; path = ProductJSON.swift; sourceTree = "<group>"; };
		7A18B6BA2145015A00ED55A7 /* DataProvider.swift */ = {isa = PBXFileReference; lastKnownFileType = sourcecode.swift; path = DataProvider.swift; sourceTree = "<group>"; };
		7A1B039F2143D4DC009ED34C /* ProductListViewController.swift */ = {isa = PBXFileReference; lastKnownFileType = sourcecode.swift; path = ProductListViewController.swift; sourceTree = "<group>"; };
		7A720C92214D97240031EA86 /* LoadViewController.swift */ = {isa = PBXFileReference; lastKnownFileType = sourcecode.swift; path = LoadViewController.swift; sourceTree = "<group>"; };
		7A720C94214E29370031EA86 /* ReturnResult.swift */ = {isa = PBXFileReference; lastKnownFileType = sourcecode.swift; path = ReturnResult.swift; sourceTree = "<group>"; };
		7A985F1A21550D5900478C23 /* Category+CoreDataClass.swift */ = {isa = PBXFileReference; lastKnownFileType = sourcecode.swift; path = "Category+CoreDataClass.swift"; sourceTree = "<group>"; };
		7A985F1B21550D5900478C23 /* Category+CoreDataProperties.swift */ = {isa = PBXFileReference; lastKnownFileType = sourcecode.swift; path = "Category+CoreDataProperties.swift"; sourceTree = "<group>"; };
		7A985F1E21550FE300478C23 /* Product+CoreDataClass.swift */ = {isa = PBXFileReference; lastKnownFileType = sourcecode.swift; path = "Product+CoreDataClass.swift"; sourceTree = "<group>"; };
		7A985F1F21550FE300478C23 /* Product+CoreDataProperties.swift */ = {isa = PBXFileReference; lastKnownFileType = sourcecode.swift; path = "Product+CoreDataProperties.swift"; sourceTree = "<group>"; };
		7AAC05B32145231F004AB93D /* HitProducts.swift */ = {isa = PBXFileReference; lastKnownFileType = sourcecode.swift; path = HitProducts.swift; sourceTree = "<group>"; };
		7ABD11DA2183700B0079D265 /* CustomPointAnnotation.swift */ = {isa = PBXFileReference; lastKnownFileType = sourcecode.swift; path = CustomPointAnnotation.swift; sourceTree = "<group>"; };
		7AC2F4522150CFD700E8DC34 /* CategoryViewController.swift */ = {isa = PBXFileReference; lastKnownFileType = sourcecode.swift; path = CategoryViewController.swift; sourceTree = "<group>"; };
		7AC2F4542150E3AD00E8DC34 /* CategoryTableViewCell.swift */ = {isa = PBXFileReference; lastKnownFileType = sourcecode.swift; path = CategoryTableViewCell.swift; sourceTree = "<group>"; };
		7AC45A12214C230B00A9046E /* Currency+CoreDataClass.swift */ = {isa = PBXFileReference; lastKnownFileType = sourcecode.swift; name = "Currency+CoreDataClass.swift"; path = "../../../Currency+CoreDataClass.swift"; sourceTree = "<group>"; };
		7AC45A13214C230B00A9046E /* Currency+CoreDataProperties.swift */ = {isa = PBXFileReference; lastKnownFileType = sourcecode.swift; path = "Currency+CoreDataProperties.swift"; sourceTree = "<group>"; };
		7AC45A14214C230B00A9046E /* ProductPicture+CoreDataClass.swift */ = {isa = PBXFileReference; lastKnownFileType = sourcecode.swift; path = "ProductPicture+CoreDataClass.swift"; sourceTree = "<group>"; };
		7AC45A15214C230B00A9046E /* ProductPicture+CoreDataProperties.swift */ = {isa = PBXFileReference; lastKnownFileType = sourcecode.swift; path = "ProductPicture+CoreDataProperties.swift"; sourceTree = "<group>"; };
		7AC45A16214C230B00A9046E /* Price+CoreDataClass.swift */ = {isa = PBXFileReference; lastKnownFileType = sourcecode.swift; path = "Price+CoreDataClass.swift"; sourceTree = "<group>"; };
		7AC45A17214C230B00A9046E /* Price+CoreDataProperties.swift */ = {isa = PBXFileReference; lastKnownFileType = sourcecode.swift; path = "Price+CoreDataProperties.swift"; sourceTree = "<group>"; };
		7AC45A18214C230B00A9046E /* PriceType+CoreDataClass.swift */ = {isa = PBXFileReference; lastKnownFileType = sourcecode.swift; path = "PriceType+CoreDataClass.swift"; sourceTree = "<group>"; };
		7AC45A19214C230B00A9046E /* PriceType+CoreDataProperties.swift */ = {isa = PBXFileReference; lastKnownFileType = sourcecode.swift; path = "PriceType+CoreDataProperties.swift"; sourceTree = "<group>"; };
		7AC45A1A214C230B00A9046E /* ProductParameter+CoreDataClass.swift */ = {isa = PBXFileReference; lastKnownFileType = sourcecode.swift; path = "ProductParameter+CoreDataClass.swift"; sourceTree = "<group>"; };
		7AC45A1B214C230B00A9046E /* ProductParameter+CoreDataProperties.swift */ = {isa = PBXFileReference; lastKnownFileType = sourcecode.swift; path = "ProductParameter+CoreDataProperties.swift"; sourceTree = "<group>"; };
		7AC45A1C214C230B00A9046E /* Hit+CoreDataClass.swift */ = {isa = PBXFileReference; lastKnownFileType = sourcecode.swift; path = "Hit+CoreDataClass.swift"; sourceTree = "<group>"; };
		7AC45A1D214C230B00A9046E /* Hit+CoreDataProperties.swift */ = {isa = PBXFileReference; lastKnownFileType = sourcecode.swift; path = "Hit+CoreDataProperties.swift"; sourceTree = "<group>"; };
		7AC45A20214C230B00A9046E /* Parameter+CoreDataClass.swift */ = {isa = PBXFileReference; lastKnownFileType = sourcecode.swift; name = "Parameter+CoreDataClass.swift"; path = "../../../Parameter+CoreDataClass.swift"; sourceTree = "<group>"; };
		7AC45A21214C230B00A9046E /* Parameter+CoreDataProperties.swift */ = {isa = PBXFileReference; lastKnownFileType = sourcecode.swift; path = "Parameter+CoreDataProperties.swift"; sourceTree = "<group>"; };
		7AC45A34214C239700A9046E /* CoreDataStack.swift */ = {isa = PBXFileReference; lastKnownFileType = sourcecode.swift; path = CoreDataStack.swift; sourceTree = "<group>"; };
		7ACE72A12181038200EDC2B4 /* AbutUsTableViewController.swift */ = {isa = PBXFileReference; lastKnownFileType = sourcecode.swift; path = AbutUsTableViewController.swift; sourceTree = "<group>"; };
		7ACE72A421821A4C00EDC2B4 /* Assets.xcassets */ = {isa = PBXFileReference; lastKnownFileType = folder.assetcatalog; path = Assets.xcassets; sourceTree = "<group>"; };
		7AD9330221451A6E00068926 /* AaarghRegular.ttf */ = {isa = PBXFileReference; lastKnownFileType = file; path = AaarghRegular.ttf; sourceTree = "<group>"; };
		7AD9330321451A6E00068926 /* AaarghBold.ttf */ = {isa = PBXFileReference; lastKnownFileType = file; path = AaarghBold.ttf; sourceTree = "<group>"; };
		7ADFD92B21370C6C00E19918 /* MoyaPryazha.app */ = {isa = PBXFileReference; explicitFileType = wrapper.application; includeInIndex = 0; path = MoyaPryazha.app; sourceTree = BUILT_PRODUCTS_DIR; };
		7ADFD92E21370C6C00E19918 /* AppDelegate.swift */ = {isa = PBXFileReference; lastKnownFileType = sourcecode.swift; path = AppDelegate.swift; sourceTree = "<group>"; };
		7ADFD93321370C6C00E19918 /* Base */ = {isa = PBXFileReference; lastKnownFileType = file.storyboard; name = Base; path = Base.lproj/Main.storyboard; sourceTree = "<group>"; };
		7ADFD93821370C6E00E19918 /* Base */ = {isa = PBXFileReference; lastKnownFileType = file.storyboard; name = Base; path = Base.lproj/LaunchScreen.storyboard; sourceTree = "<group>"; };
		7ADFD93A21370C6E00E19918 /* Info.plist */ = {isa = PBXFileReference; lastKnownFileType = text.plist.xml; path = Info.plist; sourceTree = "<group>"; };
		7ADFD9442137126B00E19918 /* Tovar.swift */ = {isa = PBXFileReference; lastKnownFileType = sourcecode.swift; path = Tovar.swift; sourceTree = "<group>"; };
		7AE699E921457A03000DC949 /* LastModified.swift */ = {isa = PBXFileReference; lastKnownFileType = sourcecode.swift; path = LastModified.swift; sourceTree = "<group>"; };
		7AE9391A2157930D003C07BF /* ProductDetailViewController.swift */ = {isa = PBXFileReference; lastKnownFileType = sourcecode.swift; path = ProductDetailViewController.swift; sourceTree = "<group>"; };
		7AE9391C215793E4003C07BF /* ProductImageCollectionViewCell.swift */ = {isa = PBXFileReference; lastKnownFileType = sourcecode.swift; path = ProductImageCollectionViewCell.swift; sourceTree = "<group>"; };
		7AE9391E2157AEEB003C07BF /* ProductDetailTableViewCell.swift */ = {isa = PBXFileReference; lastKnownFileType = sourcecode.swift; path = ProductDetailTableViewCell.swift; sourceTree = "<group>"; };
		7AE939202157E101003C07BF /* ProductImageViewController.swift */ = {isa = PBXFileReference; lastKnownFileType = sourcecode.swift; path = ProductImageViewController.swift; sourceTree = "<group>"; };
/* End PBXFileReference section */

/* Begin PBXFrameworksBuildPhase section */
		7ADFD92821370C6C00E19918 /* Frameworks */ = {
			isa = PBXFrameworksBuildPhase;
			buildActionMask = 2147483647;
			files = (
			);
			runOnlyForDeploymentPostprocessing = 0;
		};
/* End PBXFrameworksBuildPhase section */

/* Begin PBXGroup section */
		7A131F6B214C02400082FAAB /* JSON */ = {
			isa = PBXGroup;
			children = (
				7A131F67214BFFDF0082FAAB /* CategoryJSON.swift */,
				7A18B6B82144FF0C00ED55A7 /* ProductJSON.swift */,
				7A11F3C5214ED380005184F7 /* CurrencyJSON.swift */,
				7A11F3C3214ED08A005184F7 /* PriceJSON.swift */,
				7A11F3C7214ED45D005184F7 /* ParameterJSON.swift */,
				7A131F69214C01DE0082FAAB /* ProductParameterJSON.swift */,
				7A11F3C9214ED4A0005184F7 /* HitJSON.swift */,
				7A11F3CB214ED4B6005184F7 /* ProductPictureJSON.swift */,
			);
			path = JSON;
			sourceTree = "<group>";
		};
		7A131F8F214C1B8D0082FAAB /* CoreData */ = {
			isa = PBXGroup;
			children = (
				7A985F1A21550D5900478C23 /* Category+CoreDataClass.swift */,
				7A985F1B21550D5900478C23 /* Category+CoreDataProperties.swift */,
				7A985F1E21550FE300478C23 /* Product+CoreDataClass.swift */,
				7A985F1F21550FE300478C23 /* Product+CoreDataProperties.swift */,
				7AC45A12214C230B00A9046E /* Currency+CoreDataClass.swift */,
				7AC45A13214C230B00A9046E /* Currency+CoreDataProperties.swift */,
				7AC45A18214C230B00A9046E /* PriceType+CoreDataClass.swift */,
				7AC45A19214C230B00A9046E /* PriceType+CoreDataProperties.swift */,
				7AC45A16214C230B00A9046E /* Price+CoreDataClass.swift */,
				7AC45A17214C230B00A9046E /* Price+CoreDataProperties.swift */,
				7AC45A20214C230B00A9046E /* Parameter+CoreDataClass.swift */,
				7AC45A21214C230B00A9046E /* Parameter+CoreDataProperties.swift */,
				7AC45A1A214C230B00A9046E /* ProductParameter+CoreDataClass.swift */,
				7AC45A1B214C230B00A9046E /* ProductParameter+CoreDataProperties.swift */,
				7AC45A1C214C230B00A9046E /* Hit+CoreDataClass.swift */,
				7AC45A1D214C230B00A9046E /* Hit+CoreDataProperties.swift */,
				7AC45A14214C230B00A9046E /* ProductPicture+CoreDataClass.swift */,
				7AC45A15214C230B00A9046E /* ProductPicture+CoreDataProperties.swift */,
			);
			path = CoreData;
			sourceTree = "<group>";
		};
		7AAC05B0214520B0004AB93D /* Model */ = {
			isa = PBXGroup;
			children = (
				7A131F6B214C02400082FAAB /* JSON */,
				7A131F8F214C1B8D0082FAAB /* CoreData */,
				7AC45A34214C239700A9046E /* CoreDataStack.swift */,
				7A720C94214E29370031EA86 /* ReturnResult.swift */,
				7AAC05B32145231F004AB93D /* HitProducts.swift */,
				7AE699E921457A03000DC949 /* LastModified.swift */,
				7ADFD9442137126B00E19918 /* Tovar.swift */,
			);
			path = Model;
			sourceTree = "<group>";
		};
		7AAC05B52145294B004AB93D /* Data */ = {
			isa = PBXGroup;
			children = (
				7A720C92214D97240031EA86 /* LoadViewController.swift */,
				7A18B6BA2145015A00ED55A7 /* DataProvider.swift */,
				7A0629E7214C51E6009EA4B3 /* GlobalSettings.swift */,
			);
			path = Data;
			sourceTree = "<group>";
		};
		7AC61557215DED4C00D4032B /* CategoryView */ = {
			isa = PBXGroup;
			children = (
				7AC2F4522150CFD700E8DC34 /* CategoryViewController.swift */,
				7AC2F4542150E3AD00E8DC34 /* CategoryTableViewCell.swift */,
			);
			path = CategoryView;
			sourceTree = "<group>";
		};
		7AC61558215DED6200D4032B /* ProductListView */ = {
			isa = PBXGroup;
			children = (
				7A1B039F2143D4DC009ED34C /* ProductListViewController.swift */,
				7A18B6B62144FCEF00ED55A7 /* ProductListTableViewCell.swift */,
			);
			path = ProductListView;
			sourceTree = "<group>";
		};
		7AC61559215DED7300D4032B /* ProductDetailView */ = {
			isa = PBXGroup;
			children = (
				7AE9391A2157930D003C07BF /* ProductDetailViewController.swift */,
				7AE9391C215793E4003C07BF /* ProductImageCollectionViewCell.swift */,
				7AE9391E2157AEEB003C07BF /* ProductDetailTableViewCell.swift */,
			);
			path = ProductDetailView;
			sourceTree = "<group>";
		};
		7ACE72A3218103AF00EDC2B4 /* AboutUsView */ = {
			isa = PBXGroup;
			children = (
				7ACE72A12181038200EDC2B4 /* AbutUsTableViewController.swift */,
				7ABD11DA2183700B0079D265 /* CustomPointAnnotation.swift */,
			);
			path = AboutUsView;
			sourceTree = "<group>";
		};
		7AD9330421451A7800068926 /* Fonts */ = {
			isa = PBXGroup;
			children = (
				7AD9330221451A6E00068926 /* AaarghRegular.ttf */,
				7AD9330321451A6E00068926 /* AaarghBold.ttf */,
			);
			path = Fonts;
			sourceTree = "<group>";
		};
		7ADFD92221370C6C00E19918 = {
			isa = PBXGroup;
			children = (
				7ADFD92D21370C6C00E19918 /* MoyaPryazha */,
				7ADFD92C21370C6C00E19918 /* Products */,
			);
			sourceTree = "<group>";
		};
		7ADFD92C21370C6C00E19918 /* Products */ = {
			isa = PBXGroup;
			children = (
				7ADFD92B21370C6C00E19918 /* MoyaPryazha.app */,
			);
			name = Products;
			sourceTree = "<group>";
		};
		7ADFD92D21370C6C00E19918 /* MoyaPryazha */ = {
			isa = PBXGroup;
			children = (
				7AAC05B52145294B004AB93D /* Data */,
				7AAC05B0214520B0004AB93D /* Model */,
				7AC61557215DED4C00D4032B /* CategoryView */,
				7AC61558215DED6200D4032B /* ProductListView */,
				7AC61559215DED7300D4032B /* ProductDetailView */,
				7ACE72A3218103AF00EDC2B4 /* AboutUsView */,
				7ADFD93221370C6C00E19918 /* Main.storyboard */,
				7ADFD92E21370C6C00E19918 /* AppDelegate.swift */,
				7AE939202157E101003C07BF /* ProductImageViewController.swift */,
				7A131F6C214C029A0082FAAB /* MoyaPryazha.xcdatamodeld */,
				7ACE72A421821A4C00EDC2B4 /* Assets.xcassets */,
				7AD9330421451A7800068926 /* Fonts */,
				7ADFD93721370C6E00E19918 /* LaunchScreen.storyboard */,
				7ADFD93A21370C6E00E19918 /* Info.plist */,
			);
			path = MoyaPryazha;
			sourceTree = "<group>";
		};
/* End PBXGroup section */

/* Begin PBXNativeTarget section */
		7ADFD92A21370C6C00E19918 /* MoyaPryazha */ = {
			isa = PBXNativeTarget;
			buildConfigurationList = 7ADFD93D21370C6E00E19918 /* Build configuration list for PBXNativeTarget "MoyaPryazha" */;
			buildPhases = (
				7ADFD92721370C6C00E19918 /* Sources */,
				7ADFD92821370C6C00E19918 /* Frameworks */,
				7ADFD92921370C6C00E19918 /* Resources */,
			);
			buildRules = (
			);
			dependencies = (
			);
			name = MoyaPryazha;
			productName = MoyaPryazha;
			productReference = 7ADFD92B21370C6C00E19918 /* MoyaPryazha.app */;
			productType = "com.apple.product-type.application";
		};
/* End PBXNativeTarget section */

/* Begin PBXProject section */
		7ADFD92321370C6C00E19918 /* Project object */ = {
			isa = PBXProject;
			attributes = {
				LastSwiftUpdateCheck = 0940;
				LastUpgradeCheck = 0940;
				ORGANIZATIONNAME = "Dennis Zubkoff";
				TargetAttributes = {
					7ADFD92A21370C6C00E19918 = {
						CreatedOnToolsVersion = 9.4;
						LastSwiftMigration = 1000;
					};
				};
			};
			buildConfigurationList = 7ADFD92621370C6C00E19918 /* Build configuration list for PBXProject "MoyaPryazha" */;
			compatibilityVersion = "Xcode 9.3";
			developmentRegion = en;
			hasScannedForEncodings = 0;
			knownRegions = (
				en,
				Base,
			);
			mainGroup = 7ADFD92221370C6C00E19918;
			productRefGroup = 7ADFD92C21370C6C00E19918 /* Products */;
			projectDirPath = "";
			projectRoot = "";
			targets = (
				7ADFD92A21370C6C00E19918 /* MoyaPryazha */,
			);
		};
/* End PBXProject section */

/* Begin PBXResourcesBuildPhase section */
		7ADFD92921370C6C00E19918 /* Resources */ = {
			isa = PBXResourcesBuildPhase;
			buildActionMask = 2147483647;
			files = (
				7AD9330521451C1B00068926 /* AaarghRegular.ttf in Resources */,
				7AD9330621451C1B00068926 /* AaarghBold.ttf in Resources */,
				7ADFD93921370C6E00E19918 /* LaunchScreen.storyboard in Resources */,
				7ADFD93421370C6C00E19918 /* Main.storyboard in Resources */,
				7ACE72A521821A4C00EDC2B4 /* Assets.xcassets in Resources */,
			);
			runOnlyForDeploymentPostprocessing = 0;
		};
/* End PBXResourcesBuildPhase section */

/* Begin PBXSourcesBuildPhase section */
		7ADFD92721370C6C00E19918 /* Sources */ = {
			isa = PBXSourcesBuildPhase;
			buildActionMask = 2147483647;
			files = (
				7A720C95214E29370031EA86 /* ReturnResult.swift in Sources */,
				7AC45A35214C239700A9046E /* CoreDataStack.swift in Sources */,
				7A11F3CC214ED4B6005184F7 /* ProductPictureJSON.swift in Sources */,
				7A131F6E214C029A0082FAAB /* MoyaPryazha.xcdatamodeld in Sources */,
				7A11F3C8214ED45D005184F7 /* ParameterJSON.swift in Sources */,
				7A720C93214D97240031EA86 /* LoadViewController.swift in Sources */,
				7AE699EA21457A03000DC949 /* LastModified.swift in Sources */,
				7A18B6BB2145015A00ED55A7 /* DataProvider.swift in Sources */,
				7AE9391F2157AEEB003C07BF /* ProductDetailTableViewCell.swift in Sources */,
				7ADFD9452137126B00E19918 /* Tovar.swift in Sources */,
				7A0629E8214C51E6009EA4B3 /* GlobalSettings.swift in Sources */,
				7AE9391D215793E4003C07BF /* ProductImageCollectionViewCell.swift in Sources */,
				7A18B6B72144FCEF00ED55A7 /* ProductListTableViewCell.swift in Sources */,
				7A131F68214BFFDF0082FAAB /* CategoryJSON.swift in Sources */,
				7ABD11DB2183700B0079D265 /* CustomPointAnnotation.swift in Sources */,
				7A131F6A214C01DE0082FAAB /* ProductParameterJSON.swift in Sources */,
				7A18B6B92144FF0C00ED55A7 /* ProductJSON.swift in Sources */,
				7AAC05B42145231F004AB93D /* HitProducts.swift in Sources */,
				7AE9391B2157930D003C07BF /* ProductDetailViewController.swift in Sources */,
				7AC2F4532150CFD700E8DC34 /* CategoryViewController.swift in Sources */,
				7ADFD92F21370C6C00E19918 /* AppDelegate.swift in Sources */,
				7AE939212157E101003C07BF /* ProductImageViewController.swift in Sources */,
				7AC2F4552150E3AD00E8DC34 /* CategoryTableViewCell.swift in Sources */,
				7A1B03A02143D4DC009ED34C /* ProductListViewController.swift in Sources */,
				7A11F3C6214ED380005184F7 /* CurrencyJSON.swift in Sources */,
				7A11F3CA214ED4A0005184F7 /* HitJSON.swift in Sources */,
				7A11F3C4214ED08A005184F7 /* PriceJSON.swift in Sources */,
				7ACE72A22181038200EDC2B4 /* AbutUsTableViewController.swift in Sources */,
			);
			runOnlyForDeploymentPostprocessing = 0;
		};
/* End PBXSourcesBuildPhase section */

/* Begin PBXVariantGroup section */
		7ADFD93221370C6C00E19918 /* Main.storyboard */ = {
			isa = PBXVariantGroup;
			children = (
				7ADFD93321370C6C00E19918 /* Base */,
			);
			name = Main.storyboard;
			sourceTree = "<group>";
		};
		7ADFD93721370C6E00E19918 /* LaunchScreen.storyboard */ = {
			isa = PBXVariantGroup;
			children = (
				7ADFD93821370C6E00E19918 /* Base */,
			);
			name = LaunchScreen.storyboard;
			sourceTree = "<group>";
		};
/* End PBXVariantGroup section */

/* Begin XCBuildConfiguration section */
		7ADFD93B21370C6E00E19918 /* Debug */ = {
			isa = XCBuildConfiguration;
			buildSettings = {
				ALWAYS_SEARCH_USER_PATHS = NO;
				CLANG_ANALYZER_NONNULL = YES;
				CLANG_ANALYZER_NUMBER_OBJECT_CONVERSION = YES_AGGRESSIVE;
				CLANG_CXX_LANGUAGE_STANDARD = "gnu++14";
				CLANG_CXX_LIBRARY = "libc++";
				CLANG_ENABLE_MODULES = YES;
				CLANG_ENABLE_OBJC_ARC = YES;
				CLANG_ENABLE_OBJC_WEAK = YES;
				CLANG_WARN_BLOCK_CAPTURE_AUTORELEASING = YES;
				CLANG_WARN_BOOL_CONVERSION = YES;
				CLANG_WARN_COMMA = YES;
				CLANG_WARN_CONSTANT_CONVERSION = YES;
				CLANG_WARN_DEPRECATED_OBJC_IMPLEMENTATIONS = YES;
				CLANG_WARN_DIRECT_OBJC_ISA_USAGE = YES_ERROR;
				CLANG_WARN_DOCUMENTATION_COMMENTS = YES;
				CLANG_WARN_EMPTY_BODY = YES;
				CLANG_WARN_ENUM_CONVERSION = YES;
				CLANG_WARN_INFINITE_RECURSION = YES;
				CLANG_WARN_INT_CONVERSION = YES;
				CLANG_WARN_NON_LITERAL_NULL_CONVERSION = YES;
				CLANG_WARN_OBJC_IMPLICIT_RETAIN_SELF = YES;
				CLANG_WARN_OBJC_LITERAL_CONVERSION = YES;
				CLANG_WARN_OBJC_ROOT_CLASS = YES_ERROR;
				CLANG_WARN_RANGE_LOOP_ANALYSIS = YES;
				CLANG_WARN_STRICT_PROTOTYPES = YES;
				CLANG_WARN_SUSPICIOUS_MOVE = YES;
				CLANG_WARN_UNGUARDED_AVAILABILITY = YES_AGGRESSIVE;
				CLANG_WARN_UNREACHABLE_CODE = YES;
				CLANG_WARN__DUPLICATE_METHOD_MATCH = YES;
				CODE_SIGN_IDENTITY = "iPhone Developer";
				COPY_PHASE_STRIP = NO;
				DEBUG_INFORMATION_FORMAT = dwarf;
				ENABLE_STRICT_OBJC_MSGSEND = YES;
				ENABLE_TESTABILITY = YES;
				GCC_C_LANGUAGE_STANDARD = gnu11;
				GCC_DYNAMIC_NO_PIC = NO;
				GCC_NO_COMMON_BLOCKS = YES;
				GCC_OPTIMIZATION_LEVEL = 0;
				GCC_PREPROCESSOR_DEFINITIONS = (
					"DEBUG=1",
					"$(inherited)",
				);
				GCC_WARN_64_TO_32_BIT_CONVERSION = YES;
				GCC_WARN_ABOUT_RETURN_TYPE = YES_ERROR;
				GCC_WARN_UNDECLARED_SELECTOR = YES;
				GCC_WARN_UNINITIALIZED_AUTOS = YES_AGGRESSIVE;
				GCC_WARN_UNUSED_FUNCTION = YES;
				GCC_WARN_UNUSED_VARIABLE = YES;
				IPHONEOS_DEPLOYMENT_TARGET = 11.4;
				MTL_ENABLE_DEBUG_INFO = YES;
				ONLY_ACTIVE_ARCH = YES;
				SDKROOT = iphoneos;
				SWIFT_ACTIVE_COMPILATION_CONDITIONS = DEBUG;
				SWIFT_OPTIMIZATION_LEVEL = "-Onone";
			};
			name = Debug;
		};
		7ADFD93C21370C6E00E19918 /* Release */ = {
			isa = XCBuildConfiguration;
			buildSettings = {
				ALWAYS_SEARCH_USER_PATHS = NO;
				CLANG_ANALYZER_NONNULL = YES;
				CLANG_ANALYZER_NUMBER_OBJECT_CONVERSION = YES_AGGRESSIVE;
				CLANG_CXX_LANGUAGE_STANDARD = "gnu++14";
				CLANG_CXX_LIBRARY = "libc++";
				CLANG_ENABLE_MODULES = YES;
				CLANG_ENABLE_OBJC_ARC = YES;
				CLANG_ENABLE_OBJC_WEAK = YES;
				CLANG_WARN_BLOCK_CAPTURE_AUTORELEASING = YES;
				CLANG_WARN_BOOL_CONVERSION = YES;
				CLANG_WARN_COMMA = YES;
				CLANG_WARN_CONSTANT_CONVERSION = YES;
				CLANG_WARN_DEPRECATED_OBJC_IMPLEMENTATIONS = YES;
				CLANG_WARN_DIRECT_OBJC_ISA_USAGE = YES_ERROR;
				CLANG_WARN_DOCUMENTATION_COMMENTS = YES;
				CLANG_WARN_EMPTY_BODY = YES;
				CLANG_WARN_ENUM_CONVERSION = YES;
				CLANG_WARN_INFINITE_RECURSION = YES;
				CLANG_WARN_INT_CONVERSION = YES;
				CLANG_WARN_NON_LITERAL_NULL_CONVERSION = YES;
				CLANG_WARN_OBJC_IMPLICIT_RETAIN_SELF = YES;
				CLANG_WARN_OBJC_LITERAL_CONVERSION = YES;
				CLANG_WARN_OBJC_ROOT_CLASS = YES_ERROR;
				CLANG_WARN_RANGE_LOOP_ANALYSIS = YES;
				CLANG_WARN_STRICT_PROTOTYPES = YES;
				CLANG_WARN_SUSPICIOUS_MOVE = YES;
				CLANG_WARN_UNGUARDED_AVAILABILITY = YES_AGGRESSIVE;
				CLANG_WARN_UNREACHABLE_CODE = YES;
				CLANG_WARN__DUPLICATE_METHOD_MATCH = YES;
				CODE_SIGN_IDENTITY = "iPhone Developer";
				COPY_PHASE_STRIP = NO;
				DEBUG_INFORMATION_FORMAT = "dwarf-with-dsym";
				ENABLE_NS_ASSERTIONS = NO;
				ENABLE_STRICT_OBJC_MSGSEND = YES;
				GCC_C_LANGUAGE_STANDARD = gnu11;
				GCC_NO_COMMON_BLOCKS = YES;
				GCC_WARN_64_TO_32_BIT_CONVERSION = YES;
				GCC_WARN_ABOUT_RETURN_TYPE = YES_ERROR;
				GCC_WARN_UNDECLARED_SELECTOR = YES;
				GCC_WARN_UNINITIALIZED_AUTOS = YES_AGGRESSIVE;
				GCC_WARN_UNUSED_FUNCTION = YES;
				GCC_WARN_UNUSED_VARIABLE = YES;
				IPHONEOS_DEPLOYMENT_TARGET = 11.4;
				MTL_ENABLE_DEBUG_INFO = NO;
				SDKROOT = iphoneos;
				SWIFT_COMPILATION_MODE = wholemodule;
				SWIFT_OPTIMIZATION_LEVEL = "-O";
				VALIDATE_PRODUCT = YES;
			};
			name = Release;
		};
		7ADFD93E21370C6E00E19918 /* Debug */ = {
			isa = XCBuildConfiguration;
			buildSettings = {
				ASSETCATALOG_COMPILER_APPICON_NAME = AppIcon;
				ASSETCATALOG_COMPILER_LAUNCHIMAGE_NAME = LaunchImage;
				CODE_SIGN_STYLE = Automatic;
				DEVELOPMENT_TEAM = KA9VGY5669;
				INFOPLIST_FILE = MoyaPryazha/Info.plist;
				IPHONEOS_DEPLOYMENT_TARGET = 11.0;
				LD_RUNPATH_SEARCH_PATHS = (
					"$(inherited)",
					"@executable_path/Frameworks",
				);
				PRODUCT_BUNDLE_IDENTIFIER = "ru.moya-pryazha.MoyaPryazha";
				PRODUCT_NAME = "$(TARGET_NAME)";
				SWIFT_VERSION = 4.2;
				TARGETED_DEVICE_FAMILY = "1,2";
			};
			name = Debug;
		};
		7ADFD93F21370C6E00E19918 /* Release */ = {
			isa = XCBuildConfiguration;
			buildSettings = {
				ASSETCATALOG_COMPILER_APPICON_NAME = AppIcon;
				ASSETCATALOG_COMPILER_LAUNCHIMAGE_NAME = LaunchImage;
				CODE_SIGN_STYLE = Automatic;
				DEVELOPMENT_TEAM = KA9VGY5669;
				INFOPLIST_FILE = MoyaPryazha/Info.plist;
				IPHONEOS_DEPLOYMENT_TARGET = 11.0;
				LD_RUNPATH_SEARCH_PATHS = (
					"$(inherited)",
					"@executable_path/Frameworks",
				);
				PRODUCT_BUNDLE_IDENTIFIER = "ru.moya-pryazha.MoyaPryazha";
				PRODUCT_NAME = "$(TARGET_NAME)";
				SWIFT_VERSION = 4.2;
				TARGETED_DEVICE_FAMILY = "1,2";
			};
			name = Release;
		};
/* End XCBuildConfiguration section */

/* Begin XCConfigurationList section */
		7ADFD92621370C6C00E19918 /* Build configuration list for PBXProject "MoyaPryazha" */ = {
			isa = XCConfigurationList;
			buildConfigurations = (
				7ADFD93B21370C6E00E19918 /* Debug */,
				7ADFD93C21370C6E00E19918 /* Release */,
			);
			defaultConfigurationIsVisible = 0;
			defaultConfigurationName = Release;
		};
		7ADFD93D21370C6E00E19918 /* Build configuration list for PBXNativeTarget "MoyaPryazha" */ = {
			isa = XCConfigurationList;
			buildConfigurations = (
				7ADFD93E21370C6E00E19918 /* Debug */,
				7ADFD93F21370C6E00E19918 /* Release */,
			);
			defaultConfigurationIsVisible = 0;
			defaultConfigurationName = Release;
		};
/* End XCConfigurationList section */

/* Begin XCVersionGroup section */
		7A131F6C214C029A0082FAAB /* MoyaPryazha.xcdatamodeld */ = {
			isa = XCVersionGroup;
			children = (
				7A131F6D214C029A0082FAAB /* MoyaPryazha.xcdatamodel */,
			);
			currentVersion = 7A131F6D214C029A0082FAAB /* MoyaPryazha.xcdatamodel */;
			path = MoyaPryazha.xcdatamodeld;
			sourceTree = "<group>";
			versionGroupType = wrapper.xcdatamodel;
		};
/* End XCVersionGroup section */
	};
	rootObject = 7ADFD92321370C6C00E19918 /* Project object */;
}
